
Microsoft Visual Studio Solution File, Format Version 12.00
# Visual Studio Version 16
VisualStudioVersion = 16.0.30709.64
MinimumVisualStudioVersion = 15.0.26124.0
Project("{9A19103F-16F7-4668-BE54-9A1E7A4F7556}") = "ERC721ContractLibrary", "ERC721ContractLibrary\ERC721ContractLibrary.csproj", "{D4556174-C01C-410E-B09F-0978886DA38C}"
EndProject
Project("{9A19103F-16F7-4668-BE54-9A1E7A4F7556}") = "ERC721ContractLibrary.Testing", "ERC721ContractLibrary.Testing\ERC721ContractLibrary.Testing.csproj", "{84632F51-7D6B-4CAD-91B1-75419CE42E9B}"
EndProject
Project("{9A19103F-16F7-4668-BE54-9A1E7A4F7556}") = "Nethereum.XUnitEthereumClients", "Nethereum.XUnitEthereumClients\Nethereum.XUnitEthereumClients.csproj", "{E6EAF5D7-AA87-4772-BF25-D9D444340BFD}"
EndProject
Global
	GlobalSection(SolutionConfigurationPlatforms) = preSolution
		Debug|Any CPU = Debug|Any CPU
		Debug|x64 = Debug|x64
		Debug|x86 = Debug|x86
		Release|Any CPU = Release|Any CPU
		Release|x64 = Release|x64
		Release|x86 = Release|x86
	EndGlobalSection
	GlobalSection(ProjectConfigurationPlatforms) = postSolution
		{D4556174-C01C-410E-B09F-0978886DA38C}.Debug|Any CPU.ActiveCfg = Debug|Any CPU
		{D4556174-C01C-410E-B09F-0978886DA38C}.Debug|Any CPU.Build.0 = Debug|Any CPU
		{D4556174-C01C-410E-B09F-0978886DA38C}.Debug|x64.ActiveCfg = Debug|Any CPU
		{D4556174-C01C-410E-B09F-0978886DA38C}.Debug|x64.Build.0 = Debug|Any CPU
		{D4556174-C01C-410E-B09F-0978886DA38C}.Debug|x86.ActiveCfg = Debug|Any CPU
		{D4556174-C01C-410E-B09F-0978886DA38C}.Debug|x86.Build.0 = Debug|Any CPU
		{D4556174-C01C-410E-B09F-0978886DA38C}.Release|Any CPU.ActiveCfg = Release|Any CPU
		{D4556174-C01C-410E-B09F-0978886DA38C}.Release|Any CPU.Build.0 = Release|Any CPU
		{D4556174-C01C-410E-B09F-0978886DA38C}.Release|x64.ActiveCfg = Release|Any CPU
		{D4556174-C01C-410E-B09F-0978886DA38C}.Release|x64.Build.0 = Release|Any CPU
		{D4556174-C01C-410E-B09F-0978886DA38C}.Release|x86.ActiveCfg = Release|Any CPU
		{D4556174-C01C-410E-B09F-0978886DA38C}.Release|x86.Build.0 = Release|Any CPU
		{84632F51-7D6B-4CAD-91B1-75419CE42E9B}.Debug|Any CPU.ActiveCfg = Debug|Any CPU
		{84632F51-7D6B-4CAD-91B1-75419CE42E9B}.Debug|Any CPU.Build.0 = Debug|Any CPU
		{84632F51-7D6B-4CAD-91B1-75419CE42E9B}.Debug|x64.ActiveCfg = Debug|Any CPU
		{84632F51-7D6B-4CAD-91B1-75419CE42E9B}.Debug|x64.Build.0 = Debug|Any CPU
		{84632F51-7D6B-4CAD-91B1-75419CE42E9B}.Debug|x86.ActiveCfg = Debug|Any CPU
		{84632F51-7D6B-4CAD-91B1-75419CE42E9B}.Debug|x86.Build.0 = Debug|Any CPU
		{84632F51-7D6B-4CAD-91B1-75419CE42E9B}.Release|Any CPU.ActiveCfg = Release|Any CPU
		{84632F51-7D6B-4CAD-91B1-75419CE42E9B}.Release|Any CPU.Build.0 = Release|Any CPU
		{84632F51-7D6B-4CAD-91B1-75419CE42E9B}.Release|x64.ActiveCfg = Release|Any CPU
		{84632F51-7D6B-4CAD-91B1-75419CE42E9B}.Release|x64.Build.0 = Release|Any CPU
		{84632F51-7D6B-4CAD-91B1-75419CE42E9B}.Release|x86.ActiveCfg = Release|Any CPU
		{84632F51-7D6B-4CAD-91B1-75419CE42E9B}.Release|x86.Build.0 = Release|Any CPU
		{E6EAF5D7-AA87-4772-BF25-D9D444340BFD}.Debug|Any CPU.ActiveCfg = Debug|Any CPU
		{E6EAF5D7-AA87-4772-BF25-D9D444340BFD}.Debug|Any CPU.Build.0 = Debug|Any CPU
		{E6EAF5D7-AA87-4772-BF25-D9D444340BFD}.Debug|x64.ActiveCfg = Debug|Any CPU
		{E6EAF5D7-AA87-4772-BF25-D9D444340BFD}.Debug|x64.Build.0 = Debug|Any CPU
		{E6EAF5D7-AA87-4772-BF25-D9D444340BFD}.Debug|x86.ActiveCfg = Debug|Any CPU
		{E6EAF5D7-AA87-4772-BF25-D9D444340BFD}.Debug|x86.Build.0 = Debug|Any CPU
		{E6EAF5D7-AA87-4772-BF25-D9D444340BFD}.Release|Any CPU.ActiveCfg = Release|Any CPU
		{E6EAF5D7-AA87-4772-BF25-D9D444340BFD}.Release|Any CPU.Build.0 = Release|Any CPU
		{E6EAF5D7-AA87-4772-BF25-D9D444340BFD}.Release|x64.ActiveCfg = Release|Any CPU
		{E6EAF5D7-AA87-4772-BF25-D9D444340BFD}.Release|x64.Build.0 = Release|Any CPU
		{E6EAF5D7-AA87-4772-BF25-D9D444340BFD}.Release|x86.ActiveCfg = Release|Any CPU
		{E6EAF5D7-AA87-4772-BF25-D9D444340BFD}.Release|x86.Build.0 = Release|Any CPU
	EndGlobalSection
	GlobalSection(SolutionProperties) = preSolution
		HideSolutionNode = FALSE
	EndGlobalSection
	GlobalSection(ExtensibilityGlobals) = postSolution
		SolutionGuid = {62FCF9C1-978D-4F01-9319-A9779250A0DB}
	EndGlobalSection
EndGlobal
